
Microsoft Visual Studio Solution File, Format Version 12.00
# Visual Studio Version 16
VisualStudioVersion = 16.0.29926.136
MinimumVisualStudioVersion = 10.0.40219.1
Project("{2150E333-8FDC-42A3-9474-1A3956D46DE8}") = "06. Common", "06. Common", "{229B98F4-1976-4B11-9852-CA2E94417F9B}"
EndProject
Project("{2150E333-8FDC-42A3-9474-1A3956D46DE8}") = "05. Repository", "05. Repository", "{42990FAC-E8BE-456B-8CD8-498544F64BFB}"
EndProject
Project("{2150E333-8FDC-42A3-9474-1A3956D46DE8}") = "04. UnitOfWork", "04. UnitOfWork", "{44900668-6ED7-413B-B0BA-A486F485DDCD}"
EndProject
Project("{2150E333-8FDC-42A3-9474-1A3956D46DE8}") = "03. Services", "03. Services", "{0A107B5F-DB6D-4503-AC60-1476717EFC7D}"
EndProject
Project("{2150E333-8FDC-42A3-9474-1A3956D46DE8}") = "02. Models", "02. Models", "{44DDCBD8-6C7C-45A2-918F-F6F29075B259}"
EndProject
Project("{2150E333-8FDC-42A3-9474-1A3956D46DE8}") = "01.Clients", "01.Clients", "{91FEEE63-D644-4E7F-8A70-7DEB8B096822}"
EndProject
Project("{FAE04EC0-301F-11D3-BF4B-00C04F79EFBC}") = "Repository.Interfaces", "src\Repository.Interfaces\Repository.Interfaces.csproj", "{236FBFF8-8BCA-4F60-B77B-774111EB485E}"
EndProject
Project("{FAE04EC0-301F-11D3-BF4B-00C04F79EFBC}") = "Common", "src\Common\Common.csproj", "{5916EDC9-E09F-46BD-9EEC-7ED14D56A327}"
EndProject
Project("{FAE04EC0-301F-11D3-BF4B-00C04F79EFBC}") = "Repository.SqlServer", "src\Repository.SqlServer\Repository.SqlServer.csproj", "{61EB9902-65F5-40C1-B3A2-2D43F2A26D97}"
EndProject
Project("{FAE04EC0-301F-11D3-BF4B-00C04F79EFBC}") = "UnitOfWork.Interfaces", "src\UnitOfWork.Interfaces\UnitOfWork.Interfaces.csproj", "{B2CF3D36-BD6E-43B3-B548-524F2707F77F}"
EndProject
Project("{FAE04EC0-301F-11D3-BF4B-00C04F79EFBC}") = "UnitOfWorkSqlServer", "src\UnitOfWorkSqlServer\UnitOfWorkSqlServer.csproj", "{6C6B563F-9079-4B85-B9DE-29C850FB84DB}"
EndProject
Project("{FAE04EC0-301F-11D3-BF4B-00C04F79EFBC}") = "Services", "src\Services\Services.csproj", "{D9A1051E-8C82-4354-B1A0-B6AA50CA2993}"
EndProject
Project("{FAE04EC0-301F-11D3-BF4B-00C04F79EFBC}") = "Models", "src\Models\Models.csproj", "{5731544A-4A22-47B6-9E8F-BD86B693B227}"
EndProject
Project("{FAE04EC0-301F-11D3-BF4B-00C04F79EFBC}") = "ConsoleClient", "src\ConsoleClient\ConsoleClient.csproj", "{D0BC2E88-01D2-48B8-8B77-50874B6954E0}"
EndProject
Project("{FAE04EC0-301F-11D3-BF4B-00C04F79EFBC}") = "AspNetClient", "src\AspNetClient\AspNetClient.csproj", "{E516A1B3-5C94-4999-A289-D2A9B68502D8}"
EndProject
Global
	GlobalSection(SolutionConfigurationPlatforms) = preSolution
		Debug|Any CPU = Debug|Any CPU
		Release|Any CPU = Release|Any CPU
	EndGlobalSection
	GlobalSection(ProjectConfigurationPlatforms) = postSolution
		{236FBFF8-8BCA-4F60-B77B-774111EB485E}.Debug|Any CPU.ActiveCfg = Debug|Any CPU
		{236FBFF8-8BCA-4F60-B77B-774111EB485E}.Debug|Any CPU.Build.0 = Debug|Any CPU
		{236FBFF8-8BCA-4F60-B77B-774111EB485E}.Release|Any CPU.ActiveCfg = Release|Any CPU
		{236FBFF8-8BCA-4F60-B77B-774111EB485E}.Release|Any CPU.Build.0 = Release|Any CPU
		{5916EDC9-E09F-46BD-9EEC-7ED14D56A327}.Debug|Any CPU.ActiveCfg = Debug|Any CPU
		{5916EDC9-E09F-46BD-9EEC-7ED14D56A327}.Debug|Any CPU.Build.0 = Debug|Any CPU
		{5916EDC9-E09F-46BD-9EEC-7ED14D56A327}.Release|Any CPU.ActiveCfg = Release|Any CPU
		{5916EDC9-E09F-46BD-9EEC-7ED14D56A327}.Release|Any CPU.Build.0 = Release|Any CPU
		{61EB9902-65F5-40C1-B3A2-2D43F2A26D97}.Debug|Any CPU.ActiveCfg = Debug|Any CPU
		{61EB9902-65F5-40C1-B3A2-2D43F2A26D97}.Debug|Any CPU.Build.0 = Debug|Any CPU
		{61EB9902-65F5-40C1-B3A2-2D43F2A26D97}.Release|Any CPU.ActiveCfg = Release|Any CPU
		{61EB9902-65F5-40C1-B3A2-2D43F2A26D97}.Release|Any CPU.Build.0 = Release|Any CPU
		{B2CF3D36-BD6E-43B3-B548-524F2707F77F}.Debug|Any CPU.ActiveCfg = Debug|Any CPU
		{B2CF3D36-BD6E-43B3-B548-524F2707F77F}.Debug|Any CPU.Build.0 = Debug|Any CPU
		{B2CF3D36-BD6E-43B3-B548-524F2707F77F}.Release|Any CPU.ActiveCfg = Release|Any CPU
		{B2CF3D36-BD6E-43B3-B548-524F2707F77F}.Release|Any CPU.Build.0 = Release|Any CPU
		{6C6B563F-9079-4B85-B9DE-29C850FB84DB}.Debug|Any CPU.ActiveCfg = Debug|Any CPU
		{6C6B563F-9079-4B85-B9DE-29C850FB84DB}.Debug|Any CPU.Build.0 = Debug|Any CPU
		{6C6B563F-9079-4B85-B9DE-29C850FB84DB}.Release|Any CPU.ActiveCfg = Release|Any CPU
		{6C6B563F-9079-4B85-B9DE-29C850FB84DB}.Release|Any CPU.Build.0 = Release|Any CPU
		{D9A1051E-8C82-4354-B1A0-B6AA50CA2993}.Debug|Any CPU.ActiveCfg = Debug|Any CPU
		{D9A1051E-8C82-4354-B1A0-B6AA50CA2993}.Debug|Any CPU.Build.0 = Debug|Any CPU
		{D9A1051E-8C82-4354-B1A0-B6AA50CA2993}.Release|Any CPU.ActiveCfg = Release|Any CPU
		{D9A1051E-8C82-4354-B1A0-B6AA50CA2993}.Release|Any CPU.Build.0 = Release|Any CPU
		{5731544A-4A22-47B6-9E8F-BD86B693B227}.Debug|Any CPU.ActiveCfg = Debug|Any CPU
		{5731544A-4A22-47B6-9E8F-BD86B693B227}.Debug|Any CPU.Build.0 = Debug|Any CPU
		{5731544A-4A22-47B6-9E8F-BD86B693B227}.Release|Any CPU.ActiveCfg = Release|Any CPU
		{5731544A-4A22-47B6-9E8F-BD86B693B227}.Release|Any CPU.Build.0 = Release|Any CPU
		{D0BC2E88-01D2-48B8-8B77-50874B6954E0}.Debug|Any CPU.ActiveCfg = Debug|Any CPU
		{D0BC2E88-01D2-48B8-8B77-50874B6954E0}.Debug|Any CPU.Build.0 = Debug|Any CPU
		{D0BC2E88-01D2-48B8-8B77-50874B6954E0}.Release|Any CPU.ActiveCfg = Release|Any CPU
		{D0BC2E88-01D2-48B8-8B77-50874B6954E0}.Release|Any CPU.Build.0 = Release|Any CPU
		{E516A1B3-5C94-4999-A289-D2A9B68502D8}.Debug|Any CPU.ActiveCfg = Debug|Any CPU
		{E516A1B3-5C94-4999-A289-D2A9B68502D8}.Debug|Any CPU.Build.0 = Debug|Any CPU
		{E516A1B3-5C94-4999-A289-D2A9B68502D8}.Release|Any CPU.ActiveCfg = Release|Any CPU
		{E516A1B3-5C94-4999-A289-D2A9B68502D8}.Release|Any CPU.Build.0 = Release|Any CPU
	EndGlobalSection
	GlobalSection(SolutionProperties) = preSolution
		HideSolutionNode = FALSE
	EndGlobalSection
	GlobalSection(NestedProjects) = preSolution
		{236FBFF8-8BCA-4F60-B77B-774111EB485E} = {42990FAC-E8BE-456B-8CD8-498544F64BFB}
		{5916EDC9-E09F-46BD-9EEC-7ED14D56A327} = {229B98F4-1976-4B11-9852-CA2E94417F9B}
		{61EB9902-65F5-40C1-B3A2-2D43F2A26D97} = {42990FAC-E8BE-456B-8CD8-498544F64BFB}
		{B2CF3D36-BD6E-43B3-B548-524F2707F77F} = {44900668-6ED7-413B-B0BA-A486F485DDCD}
		{6C6B563F-9079-4B85-B9DE-29C850FB84DB} = {44900668-6ED7-413B-B0BA-A486F485DDCD}
		{D9A1051E-8C82-4354-B1A0-B6AA50CA2993} = {0A107B5F-DB6D-4503-AC60-1476717EFC7D}
		{5731544A-4A22-47B6-9E8F-BD86B693B227} = {44DDCBD8-6C7C-45A2-918F-F6F29075B259}
		{D0BC2E88-01D2-48B8-8B77-50874B6954E0} = {91FEEE63-D644-4E7F-8A70-7DEB8B096822}
		{E516A1B3-5C94-4999-A289-D2A9B68502D8} = {91FEEE63-D644-4E7F-8A70-7DEB8B096822}
	EndGlobalSection
	GlobalSection(ExtensibilityGlobals) = postSolution
		SolutionGuid = {417A7002-AB74-47CD-B520-B9CD8AB607D4}
	EndGlobalSection
EndGlobal
